// !$*UTF8*$!
{
	archiveVersion = 1;
	classes = {
	};
	objectVersion = 50;
	objects = {

/* Begin PBXBuildFile section */
		028A5E8526851F3B0019738C /* AppDelegate.swift in Sources */ = {isa = PBXBuildFile; fileRef = 028A5E8426851F3B0019738C /* AppDelegate.swift */; };
		028A5E8726851F3B0019738C /* SceneDelegate.swift in Sources */ = {isa = PBXBuildFile; fileRef = 028A5E8626851F3B0019738C /* SceneDelegate.swift */; };
		028A5E8926851F3B0019738C /* ViewController.swift in Sources */ = {isa = PBXBuildFile; fileRef = 028A5E8826851F3B0019738C /* ViewController.swift */; };
		028A5E8C26851F3B0019738C /* Main.storyboard in Resources */ = {isa = PBXBuildFile; fileRef = 028A5E8A26851F3B0019738C /* Main.storyboard */; };
		028A5E8F26851F3B0019738C /* WorldTrotter.xcdatamodeld in Sources */ = {isa = PBXBuildFile; fileRef = 028A5E8D26851F3B0019738C /* WorldTrotter.xcdatamodeld */; };
		028A5E9126851F3C0019738C /* Assets.xcassets in Resources */ = {isa = PBXBuildFile; fileRef = 028A5E9026851F3C0019738C /* Assets.xcassets */; };
		028A5E9426851F3C0019738C /* LaunchScreen.storyboard in Resources */ = {isa = PBXBuildFile; fileRef = 028A5E9226851F3C0019738C /* LaunchScreen.storyboard */; };
		028A5E9F26851F3C0019738C /* WorldTrotterTests.swift in Sources */ = {isa = PBXBuildFile; fileRef = 028A5E9E26851F3C0019738C /* WorldTrotterTests.swift */; };
		028A5EAA26851F3C0019738C /* WorldTrotterUITests.swift in Sources */ = {isa = PBXBuildFile; fileRef = 028A5EA926851F3C0019738C /* WorldTrotterUITests.swift */; };
/* End PBXBuildFile section */

/* Begin PBXContainerItemProxy section */
		028A5E9B26851F3C0019738C /* PBXContainerItemProxy */ = {
			isa = PBXContainerItemProxy;
			containerPortal = 028A5E7926851F3B0019738C /* Project object */;
			proxyType = 1;
			remoteGlobalIDString = 028A5E8026851F3B0019738C;
			remoteInfo = WorldTrotter;
		};
		028A5EA626851F3C0019738C /* PBXContainerItemProxy */ = {
			isa = PBXContainerItemProxy;
			containerPortal = 028A5E7926851F3B0019738C /* Project object */;
			proxyType = 1;
			remoteGlobalIDString = 028A5E8026851F3B0019738C;
			remoteInfo = WorldTrotter;
		};
/* End PBXContainerItemProxy section */

/* Begin PBXFileReference section */
		028A5E8126851F3B0019738C /* WorldTrotter.app */ = {isa = PBXFileReference; explicitFileType = wrapper.application; includeInIndex = 0; path = WorldTrotter.app; sourceTree = BUILT_PRODUCTS_DIR; };
		028A5E8426851F3B0019738C /* AppDelegate.swift */ = {isa = PBXFileReference; lastKnownFileType = sourcecode.swift; path = AppDelegate.swift; sourceTree = "<group>"; };
		028A5E8626851F3B0019738C /* SceneDelegate.swift */ = {isa = PBXFileReference; lastKnownFileType = sourcecode.swift; path = SceneDelegate.swift; sourceTree = "<group>"; };
		028A5E8826851F3B0019738C /* ViewController.swift */ = {isa = PBXFileReference; lastKnownFileType = sourcecode.swift; path = ViewController.swift; sourceTree = "<group>"; };
		028A5E8B26851F3B0019738C /* Base */ = {isa = PBXFileReference; lastKnownFileType = file.storyboard; name = Base; path = Base.lproj/Main.storyboard; sourceTree = "<group>"; };
		028A5E8E26851F3B0019738C /* WorldTrotter.xcdatamodel */ = {isa = PBXFileReference; lastKnownFileType = wrapper.xcdatamodel; path = WorldTrotter.xcdatamodel; sourceTree = "<group>"; };
		028A5E9026851F3C0019738C /* Assets.xcassets */ = {isa = PBXFileReference; lastKnownFileType = folder.assetcatalog; path = Assets.xcassets; sourceTree = "<group>"; };
		028A5E9326851F3C0019738C /* Base */ = {isa = PBXFileReference; lastKnownFileType = file.storyboard; name = Base; path = Base.lproj/LaunchScreen.storyboard; sourceTree = "<group>"; };
		028A5E9526851F3C0019738C /* Info.plist */ = {isa = PBXFileReference; lastKnownFileType = text.plist.xml; path = Info.plist; sourceTree = "<group>"; };
		028A5E9A26851F3C0019738C /* WorldTrotterTests.xctest */ = {isa = PBXFileReference; explicitFileType = wrapper.cfbundle; includeInIndex = 0; path = WorldTrotterTests.xctest; sourceTree = BUILT_PRODUCTS_DIR; };
		028A5E9E26851F3C0019738C /* WorldTrotterTests.swift */ = {isa = PBXFileReference; lastKnownFileType = sourcecode.swift; path = WorldTrotterTests.swift; sourceTree = "<group>"; };
		028A5EA026851F3C0019738C /* Info.plist */ = {isa = PBXFileReference; lastKnownFileType = text.plist.xml; path = Info.plist; sourceTree = "<group>"; };
		028A5EA526851F3C0019738C /* WorldTrotterUITests.xctest */ = {isa = PBXFileReference; explicitFileType = wrapper.cfbundle; includeInIndex = 0; path = WorldTrotterUITests.xctest; sourceTree = BUILT_PRODUCTS_DIR; };
		028A5EA926851F3C0019738C /* WorldTrotterUITests.swift */ = {isa = PBXFileReference; lastKnownFileType = sourcecode.swift; path = WorldTrotterUITests.swift; sourceTree = "<group>"; };
		028A5EAB26851F3C0019738C /* Info.plist */ = {isa = PBXFileReference; lastKnownFileType = text.plist.xml; path = Info.plist; sourceTree = "<group>"; };
/* End PBXFileReference section */

/* Begin PBXFrameworksBuildPhase section */
		028A5E7E26851F3B0019738C /* Frameworks */ = {
			isa = PBXFrameworksBuildPhase;
			buildActionMask = 2147483647;
			files = (
			);
			runOnlyForDeploymentPostprocessing = 0;
		};
		028A5E9726851F3C0019738C /* Frameworks */ = {
			isa = PBXFrameworksBuildPhase;
			buildActionMask = 2147483647;
			files = (
			);
			runOnlyForDeploymentPostprocessing = 0;
		};
		028A5EA226851F3C0019738C /* Frameworks */ = {
			isa = PBXFrameworksBuildPhase;
			buildActionMask = 2147483647;
			files = (
			);
			runOnlyForDeploymentPostprocessing = 0;
		};
/* End PBXFrameworksBuildPhase section */

/* Begin PBXGroup section */
		028A5E7826851F3B0019738C = {
			isa = PBXGroup;
			children = (
				028A5E8326851F3B0019738C /* WorldTrotter */,
				028A5E9D26851F3C0019738C /* WorldTrotterTests */,
				028A5EA826851F3C0019738C /* WorldTrotterUITests */,
				028A5E8226851F3B0019738C /* Products */,
			);
			sourceTree = "<group>";
		};
		028A5E8226851F3B0019738C /* Products */ = {
			isa = PBXGroup;
			children = (
				028A5E8126851F3B0019738C /* WorldTrotter.app */,
				028A5E9A26851F3C0019738C /* WorldTrotterTests.xctest */,
				028A5EA526851F3C0019738C /* WorldTrotterUITests.xctest */,
			);
			name = Products;
			sourceTree = "<group>";
		};
		028A5E8326851F3B0019738C /* WorldTrotter */ = {
			isa = PBXGroup;
			children = (
				028A5E8426851F3B0019738C /* AppDelegate.swift */,
				028A5E8626851F3B0019738C /* SceneDelegate.swift */,
				028A5E8826851F3B0019738C /* ViewController.swift */,
				028A5E8A26851F3B0019738C /* Main.storyboard */,
				028A5E9026851F3C0019738C /* Assets.xcassets */,
				028A5E9226851F3C0019738C /* LaunchScreen.storyboard */,
				028A5E9526851F3C0019738C /* Info.plist */,
				028A5E8D26851F3B0019738C /* WorldTrotter.xcdatamodeld */,
			);
			path = WorldTrotter;
			sourceTree = "<group>";
		};
		028A5E9D26851F3C0019738C /* WorldTrotterTests */ = {
			isa = PBXGroup;
			children = (
				028A5E9E26851F3C0019738C /* WorldTrotterTests.swift */,
				028A5EA026851F3C0019738C /* Info.plist */,
			);
			path = WorldTrotterTests;
			sourceTree = "<group>";
		};
		028A5EA826851F3C0019738C /* WorldTrotterUITests */ = {
			isa = PBXGroup;
			children = (
				028A5EA926851F3C0019738C /* WorldTrotterUITests.swift */,
				028A5EAB26851F3C0019738C /* Info.plist */,
			);
			path = WorldTrotterUITests;
			sourceTree = "<group>";
		};
/* End PBXGroup section */

/* Begin PBXNativeTarget section */
		028A5E8026851F3B0019738C /* WorldTrotter */ = {
			isa = PBXNativeTarget;
			buildConfigurationList = 028A5EAE26851F3C0019738C /* Build configuration list for PBXNativeTarget "WorldTrotter" */;
			buildPhases = (
				028A5E7D26851F3B0019738C /* Sources */,
				028A5E7E26851F3B0019738C /* Frameworks */,
				028A5E7F26851F3B0019738C /* Resources */,
			);
			buildRules = (
			);
			dependencies = (
			);
			name = WorldTrotter;
			productName = WorldTrotter;
			productReference = 028A5E8126851F3B0019738C /* WorldTrotter.app */;
			productType = "com.apple.product-type.application";
		};
		028A5E9926851F3C0019738C /* WorldTrotterTests */ = {
			isa = PBXNativeTarget;
			buildConfigurationList = 028A5EB126851F3C0019738C /* Build configuration list for PBXNativeTarget "WorldTrotterTests" */;
			buildPhases = (
				028A5E9626851F3C0019738C /* Sources */,
				028A5E9726851F3C0019738C /* Frameworks */,
				028A5E9826851F3C0019738C /* Resources */,
			);
			buildRules = (
			);
			dependencies = (
				028A5E9C26851F3C0019738C /* PBXTargetDependency */,
			);
			name = WorldTrotterTests;
			productName = WorldTrotterTests;
			productReference = 028A5E9A26851F3C0019738C /* WorldTrotterTests.xctest */;
			productType = "com.apple.product-type.bundle.unit-test";
		};
		028A5EA426851F3C0019738C /* WorldTrotterUITests */ = {
			isa = PBXNativeTarget;
			buildConfigurationList = 028A5EB426851F3C0019738C /* Build configuration list for PBXNativeTarget "WorldTrotterUITests" */;
			buildPhases = (
				028A5EA126851F3C0019738C /* Sources */,
				028A5EA226851F3C0019738C /* Frameworks */,
				028A5EA326851F3C0019738C /* Resources */,
			);
			buildRules = (
			);
			dependencies = (
				028A5EA726851F3C0019738C /* PBXTargetDependency */,
			);
			name = WorldTrotterUITests;
			productName = WorldTrotterUITests;
			productReference = 028A5EA526851F3C0019738C /* WorldTrotterUITests.xctest */;
			productType = "com.apple.product-type.bundle.ui-testing";
		};
/* End PBXNativeTarget section */

/* Begin PBXProject section */
		028A5E7926851F3B0019738C /* Project object */ = {
			isa = PBXProject;
			attributes = {
				LastSwiftUpdateCheck = 1250;
				LastUpgradeCheck = 1250;
				TargetAttributes = {
					028A5E8026851F3B0019738C = {
						CreatedOnToolsVersion = 12.5.1;
					};
					028A5E9926851F3C0019738C = {
						CreatedOnToolsVersion = 12.5.1;
						TestTargetID = 028A5E8026851F3B0019738C;
					};
					028A5EA426851F3C0019738C = {
						CreatedOnToolsVersion = 12.5.1;
						TestTargetID = 028A5E8026851F3B0019738C;
					};
				};
			};
			buildConfigurationList = 028A5E7C26851F3B0019738C /* Build configuration list for PBXProject "WorldTrotter" */;
			compatibilityVersion = "Xcode 9.3";
			developmentRegion = en;
			hasScannedForEncodings = 0;
			knownRegions = (
				en,
				Base,
			);
			mainGroup = 028A5E7826851F3B0019738C;
			productRefGroup = 028A5E8226851F3B0019738C /* Products */;
			projectDirPath = "";
			projectRoot = "";
			targets = (
				028A5E8026851F3B0019738C /* WorldTrotter */,
				028A5E9926851F3C0019738C /* WorldTrotterTests */,
				028A5EA426851F3C0019738C /* WorldTrotterUITests */,
			);
		};
/* End PBXProject section */

/* Begin PBXResourcesBuildPhase section */
		028A5E7F26851F3B0019738C /* Resources */ = {
			isa = PBXResourcesBuildPhase;
			buildActionMask = 2147483647;
			files = (
				028A5E9426851F3C0019738C /* LaunchScreen.storyboard in Resources */,
				028A5E9126851F3C0019738C /* Assets.xcassets in Resources */,
				028A5E8C26851F3B0019738C /* Main.storyboard in Resources */,
			);
			runOnlyForDeploymentPostprocessing = 0;
		};
		028A5E9826851F3C0019738C /* Resources */ = {
			isa = PBXResourcesBuildPhase;
			buildActionMask = 2147483647;
			files = (
			);
			runOnlyForDeploymentPostprocessing = 0;
		};
		028A5EA326851F3C0019738C /* Resources */ = {
			isa = PBXResourcesBuildPhase;
			buildActionMask = 2147483647;
			files = (
			);
			runOnlyForDeploymentPostprocessing = 0;
		};
/* End PBXResourcesBuildPhase section */

/* Begin PBXSourcesBuildPhase section */
		028A5E7D26851F3B0019738C /* Sources */ = {
			isa = PBXSourcesBuildPhase;
			buildActionMask = 2147483647;
			files = (
				028A5E8926851F3B0019738C /* ViewController.swift in Sources */,
				028A5E8F26851F3B0019738C /* WorldTrotter.xcdatamodeld in Sources */,
				028A5E8526851F3B0019738C /* AppDelegate.swift in Sources */,
				028A5E8726851F3B0019738C /* SceneDelegate.swift in Sources */,
			);
			runOnlyForDeploymentPostprocessing = 0;
		};
		028A5E9626851F3C0019738C /* Sources */ = {
			isa = PBXSourcesBuildPhase;
			buildActionMask = 2147483647;
			files = (
				028A5E9F26851F3C0019738C /* WorldTrotterTests.swift in Sources */,
			);
			runOnlyForDeploymentPostprocessing = 0;
		};
		028A5EA126851F3C0019738C /* Sources */ = {
			isa = PBXSourcesBuildPhase;
			buildActionMask = 2147483647;
			files = (
				028A5EAA26851F3C0019738C /* WorldTrotterUITests.swift in Sources */,
			);
			runOnlyForDeploymentPostprocessing = 0;
		};
/* End PBXSourcesBuildPhase section */

/* Begin PBXTargetDependency section */
		028A5E9C26851F3C0019738C /* PBXTargetDependency */ = {
			isa = PBXTargetDependency;
			target = 028A5E8026851F3B0019738C /* WorldTrotter */;
			targetProxy = 028A5E9B26851F3C0019738C /* PBXContainerItemProxy */;
		};
		028A5EA726851F3C0019738C /* PBXTargetDependency */ = {
			isa = PBXTargetDependency;
			target = 028A5E8026851F3B0019738C /* WorldTrotter */;
			targetProxy = 028A5EA626851F3C0019738C /* PBXContainerItemProxy */;
		};
/* End PBXTargetDependency section */

/* Begin PBXVariantGroup section */
		028A5E8A26851F3B0019738C /* Main.storyboard */ = {
			isa = PBXVariantGroup;
			children = (
				028A5E8B26851F3B0019738C /* Base */,
			);
			name = Main.storyboard;
			sourceTree = "<group>";
		};
		028A5E9226851F3C0019738C /* LaunchScreen.storyboard */ = {
			isa = PBXVariantGroup;
			children = (
				028A5E9326851F3C0019738C /* Base */,
			);
			name = LaunchScreen.storyboard;
			sourceTree = "<group>";
		};
/* End PBXVariantGroup section */

/* Begin XCBuildConfiguration section */
		028A5EAC26851F3C0019738C /* Debug */ = {
			isa = XCBuildConfiguration;
			buildSettings = {
				ALWAYS_SEARCH_USER_PATHS = NO;
				CLANG_ANALYZER_NONNULL = YES;
				CLANG_ANALYZER_NUMBER_OBJECT_CONVERSION = YES_AGGRESSIVE;
				CLANG_CXX_LANGUAGE_STANDARD = "gnu++14";
				CLANG_CXX_LIBRARY = "libc++";
				CLANG_ENABLE_MODULES = YES;
				CLANG_ENABLE_OBJC_ARC = YES;
				CLANG_ENABLE_OBJC_WEAK = YES;
				CLANG_WARN_BLOCK_CAPTURE_AUTORELEASING = YES;
				CLANG_WARN_BOOL_CONVERSION = YES;
				CLANG_WARN_COMMA = YES;
				CLANG_WARN_CONSTANT_CONVERSION = YES;
				CLANG_WARN_DEPRECATED_OBJC_IMPLEMENTATIONS = YES;
				CLANG_WARN_DIRECT_OBJC_ISA_USAGE = YES_ERROR;
				CLANG_WARN_DOCUMENTATION_COMMENTS = YES;
				CLANG_WARN_EMPTY_BODY = YES;
				CLANG_WARN_ENUM_CONVERSION = YES;
				CLANG_WARN_INFINITE_RECURSION = YES;
				CLANG_WARN_INT_CONVERSION = YES;
				CLANG_WARN_NON_LITERAL_NULL_CONVERSION = YES;
				CLANG_WARN_OBJC_IMPLICIT_RETAIN_SELF = YES;
				CLANG_WARN_OBJC_LITERAL_CONVERSION = YES;
				CLANG_WARN_OBJC_ROOT_CLASS = YES_ERROR;
				CLANG_WARN_QUOTED_INCLUDE_IN_FRAMEWORK_HEADER = YES;
				CLANG_WARN_RANGE_LOOP_ANALYSIS = YES;
				CLANG_WARN_STRICT_PROTOTYPES = YES;
				CLANG_WARN_SUSPICIOUS_MOVE = YES;
				CLANG_WARN_UNGUARDED_AVAILABILITY = YES_AGGRESSIVE;
				CLANG_WARN_UNREACHABLE_CODE = YES;
				CLANG_WARN__DUPLICATE_METHOD_MATCH = YES;
				COPY_PHASE_STRIP = NO;
				DEBUG_INFORMATION_FORMAT = dwarf;
				ENABLE_STRICT_OBJC_MSGSEND = YES;
				ENABLE_TESTABILITY = YES;
				GCC_C_LANGUAGE_STANDARD = gnu11;
				GCC_DYNAMIC_NO_PIC = NO;
				GCC_NO_COMMON_BLOCKS = YES;
				GCC_OPTIMIZATION_LEVEL = 0;
				GCC_PREPROCESSOR_DEFINITIONS = (
					"DEBUG=1",
					"$(inherited)",
				);
				GCC_WARN_64_TO_32_BIT_CONVERSION = YES;
				GCC_WARN_ABOUT_RETURN_TYPE = YES_ERROR;
				GCC_WARN_UNDECLARED_SELECTOR = YES;
				GCC_WARN_UNINITIALIZED_AUTOS = YES_AGGRESSIVE;
				GCC_WARN_UNUSED_FUNCTION = YES;
				GCC_WARN_UNUSED_VARIABLE = YES;
				IPHONEOS_DEPLOYMENT_TARGET = 14.5;
				MTL_ENABLE_DEBUG_INFO = INCLUDE_SOURCE;
				MTL_FAST_MATH = YES;
				ONLY_ACTIVE_ARCH = YES;
				SDKROOT = iphoneos;
				SWIFT_ACTIVE_COMPILATION_CONDITIONS = DEBUG;
				SWIFT_OPTIMIZATION_LEVEL = "-Onone";
			};
			name = Debug;
		};
		028A5EAD26851F3C0019738C /* Release */ = {
			isa = XCBuildConfiguration;
			buildSettings = {
				ALWAYS_SEARCH_USER_PATHS = NO;
				CLANG_ANALYZER_NONNULL = YES;
				CLANG_ANALYZER_NUMBER_OBJECT_CONVERSION = YES_AGGRESSIVE;
				CLANG_CXX_LANGUAGE_STANDARD = "gnu++14";
				CLANG_CXX_LIBRARY = "libc++";
				CLANG_ENABLE_MODULES = YES;
				CLANG_ENABLE_OBJC_ARC = YES;
				CLANG_ENABLE_OBJC_WEAK = YES;
				CLANG_WARN_BLOCK_CAPTURE_AUTORELEASING = YES;
				CLANG_WARN_BOOL_CONVERSION = YES;
				CLANG_WARN_COMMA = YES;
				CLANG_WARN_CONSTANT_CONVERSION = YES;
				CLANG_WARN_DEPRECATED_OBJC_IMPLEMENTATIONS = YES;
				CLANG_WARN_DIRECT_OBJC_ISA_USAGE = YES_ERROR;
				CLANG_WARN_DOCUMENTATION_COMMENTS = YES;
				CLANG_WARN_EMPTY_BODY = YES;
				CLANG_WARN_ENUM_CONVERSION = YES;
				CLANG_WARN_INFINITE_RECURSION = YES;
				CLANG_WARN_INT_CONVERSION = YES;
				CLANG_WARN_NON_LITERAL_NULL_CONVERSION = YES;
				CLANG_WARN_OBJC_IMPLICIT_RETAIN_SELF = YES;
				CLANG_WARN_OBJC_LITERAL_CONVERSION = YES;
				CLANG_WARN_OBJC_ROOT_CLASS = YES_ERROR;
				CLANG_WARN_QUOTED_INCLUDE_IN_FRAMEWORK_HEADER = YES;
				CLANG_WARN_RANGE_LOOP_ANALYSIS = YES;
				CLANG_WARN_STRICT_PROTOTYPES = YES;
				CLANG_WARN_SUSPICIOUS_MOVE = YES;
				CLANG_WARN_UNGUARDED_AVAILABILITY = YES_AGGRESSIVE;
				CLANG_WARN_UNREACHABLE_CODE = YES;
				CLANG_WARN__DUPLICATE_METHOD_MATCH = YES;
				COPY_PHASE_STRIP = NO;
				DEBUG_INFORMATION_FORMAT = "dwarf-with-dsym";
				ENABLE_NS_ASSERTIONS = NO;
				ENABLE_STRICT_OBJC_MSGSEND = YES;
				GCC_C_LANGUAGE_STANDARD = gnu11;
				GCC_NO_COMMON_BLOCKS = YES;
				GCC_WARN_64_TO_32_BIT_CONVERSION = YES;
				GCC_WARN_ABOUT_RETURN_TYPE = YES_ERROR;
				GCC_WARN_UNDECLARED_SELECTOR = YES;
				GCC_WARN_UNINITIALIZED_AUTOS = YES_AGGRESSIVE;
				GCC_WARN_UNUSED_FUNCTION = YES;
				GCC_WARN_UNUSED_VARIABLE = YES;
				IPHONEOS_DEPLOYMENT_TARGET = 14.5;
				MTL_ENABLE_DEBUG_INFO = NO;
				MTL_FAST_MATH = YES;
				SDKROOT = iphoneos;
				SWIFT_COMPILATION_MODE = wholemodule;
				SWIFT_OPTIMIZATION_LEVEL = "-O";
				VALIDATE_PRODUCT = YES;
			};
			name = Release;
		};
		028A5EAF26851F3C0019738C /* Debug */ = {
			isa = XCBuildConfiguration;
			buildSettings = {
				ASSETCATALOG_COMPILER_APPICON_NAME = AppIcon;
				ASSETCATALOG_COMPILER_GLOBAL_ACCENT_COLOR_NAME = AccentColor;
				CODE_SIGN_STYLE = Automatic;
				INFOPLIST_FILE = WorldTrotter/Info.plist;
				LD_RUNPATH_SEARCH_PATHS = (
					"$(inherited)",
					"@executable_path/Frameworks",
				);
				PRODUCT_BUNDLE_IDENTIFIER = "com.Archangel-Software.WorldTrotter";
				PRODUCT_NAME = "$(TARGET_NAME)";
				SWIFT_VERSION = 5.0;
				TARGETED_DEVICE_FAMILY = "1,2";
			};
			name = Debug;
		};
		028A5EB026851F3C0019738C /* Release */ = {
			isa = XCBuildConfiguration;
			buildSettings = {
				ASSETCATALOG_COMPILER_APPICON_NAME = AppIcon;
				ASSETCATALOG_COMPILER_GLOBAL_ACCENT_COLOR_NAME = AccentColor;
				CODE_SIGN_STYLE = Automatic;
				INFOPLIST_FILE = WorldTrotter/Info.plist;
				LD_RUNPATH_SEARCH_PATHS = (
					"$(inherited)",
					"@executable_path/Frameworks",
				);
				PRODUCT_BUNDLE_IDENTIFIER = "com.Archangel-Software.WorldTrotter";
				PRODUCT_NAME = "$(TARGET_NAME)";
				SWIFT_VERSION = 5.0;
				TARGETED_DEVICE_FAMILY = "1,2";
			};
			name = Release;
		};
		028A5EB226851F3C0019738C /* Debug */ = {
			isa = XCBuildConfiguration;
			buildSettings = {
				ALWAYS_EMBED_SWIFT_STANDARD_LIBRARIES = YES;
				BUNDLE_LOADER = "$(TEST_HOST)";
				CODE_SIGN_STYLE = Automatic;
				INFOPLIST_FILE = WorldTrotterTests/Info.plist;
				IPHONEOS_DEPLOYMENT_TARGET = 14.5;
				LD_RUNPATH_SEARCH_PATHS = (
					"$(inherited)",
					"@executable_path/Frameworks",
					"@loader_path/Frameworks",
				);
				PRODUCT_BUNDLE_IDENTIFIER = "com.Archangel-Software.WorldTrotterTests";
				PRODUCT_NAME = "$(TARGET_NAME)";
				SWIFT_VERSION = 5.0;
				TARGETED_DEVICE_FAMILY = "1,2";
				TEST_HOST = "$(BUILT_PRODUCTS_DIR)/WorldTrotter.app/WorldTrotter";
			};
			name = Debug;
		};
		028A5EB326851F3C0019738C /* Release */ = {
			isa = XCBuildConfiguration;
			buildSettings = {
				ALWAYS_EMBED_SWIFT_STANDARD_LIBRARIES = YES;
				BUNDLE_LOADER = "$(TEST_HOST)";
				CODE_SIGN_STYLE = Automatic;
				INFOPLIST_FILE = WorldTrotterTests/Info.plist;
				IPHONEOS_DEPLOYMENT_TARGET = 14.5;
				LD_RUNPATH_SEARCH_PATHS = (
					"$(inherited)",
					"@executable_path/Frameworks",
					"@loader_path/Frameworks",
				);
				PRODUCT_BUNDLE_IDENTIFIER = "com.Archangel-Software.WorldTrotterTests";
				PRODUCT_NAME = "$(TARGET_NAME)";
				SWIFT_VERSION = 5.0;
				TARGETED_DEVICE_FAMILY = "1,2";
				TEST_HOST = "$(BUILT_PRODUCTS_DIR)/WorldTrotter.app/WorldTrotter";
			};
			name = Release;
		};
		028A5EB526851F3C0019738C /* Debug */ = {
			isa = XCBuildConfiguration;
			buildSettings = {
				ALWAYS_EMBED_SWIFT_STANDARD_LIBRARIES = YES;
				CODE_SIGN_STYLE = Automatic;
				INFOPLIST_FILE = WorldTrotterUITests/Info.plist;
				LD_RUNPATH_SEARCH_PATHS = (
					"$(inherited)",
					"@executable_path/Frameworks",
					"@loader_path/Frameworks",
				);
				PRODUCT_BUNDLE_IDENTIFIER = "com.Archangel-Software.WorldTrotterUITests";
				PRODUCT_NAME = "$(TARGET_NAME)";
				SWIFT_VERSION = 5.0;
				TARGETED_DEVICE_FAMILY = "1,2";
				TEST_TARGET_NAME = WorldTrotter;
			};
			name = Debug;
		};
		028A5EB626851F3C0019738C /* Release */ = {
			isa = XCBuildConfiguration;
			buildSettings = {
				ALWAYS_EMBED_SWIFT_STANDARD_LIBRARIES = YES;
				CODE_SIGN_STYLE = Automatic;
				INFOPLIST_FILE = WorldTrotterUITests/Info.plist;
				LD_RUNPATH_SEARCH_PATHS = (
					"$(inherited)",
					"@executable_path/Frameworks",
					"@loader_path/Frameworks",
				);
				PRODUCT_BUNDLE_IDENTIFIER = "com.Archangel-Software.WorldTrotterUITests";
				PRODUCT_NAME = "$(TARGET_NAME)";
				SWIFT_VERSION = 5.0;
				TARGETED_DEVICE_FAMILY = "1,2";
				TEST_TARGET_NAME = WorldTrotter;
			};
			name = Release;
		};
/* End XCBuildConfiguration section */

/* Begin XCConfigurationList section */
		028A5E7C26851F3B0019738C /* Build configuration list for PBXProject "WorldTrotter" */ = {
			isa = XCConfigurationList;
			buildConfigurations = (
				028A5EAC26851F3C0019738C /* Debug */,
				028A5EAD26851F3C0019738C /* Release */,
			);
			defaultConfigurationIsVisible = 0;
			defaultConfigurationName = Release;
		};
		028A5EAE26851F3C0019738C /* Build configuration list for PBXNativeTarget "WorldTrotter" */ = {
			isa = XCConfigurationList;
			buildConfigurations = (
				028A5EAF26851F3C0019738C /* Debug */,
				028A5EB026851F3C0019738C /* Release */,
			);
			defaultConfigurationIsVisible = 0;
			defaultConfigurationName = Release;
		};
		028A5EB126851F3C0019738C /* Build configuration list for PBXNativeTarget "WorldTrotterTests" */ = {
			isa = XCConfigurationList;
			buildConfigurations = (
				028A5EB226851F3C0019738C /* Debug */,
				028A5EB326851F3C0019738C /* Release */,
			);
			defaultConfigurationIsVisible = 0;
			defaultConfigurationName = Release;
		};
		028A5EB426851F3C0019738C /* Build configuration list for PBXNativeTarget "WorldTrotterUITests" */ = {
			isa = XCConfigurationList;
			buildConfigurations = (
				028A5EB526851F3C0019738C /* Debug */,
				028A5EB626851F3C0019738C /* Release */,
			);
			defaultConfigurationIsVisible = 0;
			defaultConfigurationName = Release;
		};
/* End XCConfigurationList section */

/* Begin XCVersionGroup section */
		028A5E8D26851F3B0019738C /* WorldTrotter.xcdatamodeld */ = {
			isa = XCVersionGroup;
			children = (
				028A5E8E26851F3B0019738C /* WorldTrotter.xcdatamodel */,
			);
			currentVersion = 028A5E8E26851F3B0019738C /* WorldTrotter.xcdatamodel */;
			path = WorldTrotter.xcdatamodeld;
			sourceTree = "<group>";
			versionGroupType = wrapper.xcdatamodel;
		};
/* End XCVersionGroup section */
	};
	rootObject = 028A5E7926851F3B0019738C /* Project object */;
}
